{
  "name": "code-anything",
  "version": "1.0.0",
  "lockfileVersion": 3,
  "requires": true,
  "packages": {
    "": {
      "name": "code-anything",
      "version": "1.0.0",
      "license": "MIT",
      "bin": {
        "code-anything": "bin/cli.js"
      },
      "engines": {
        "node": ">=18.0.0"
      }
    }
  }
}
